
Microsoft Visual Studio Solution File, Format Version 12.00
# Visual Studio 15
VisualStudioVersion = 15.0.28010.2046
MinimumVisualStudioVersion = 10.0.40219.1
Project("{FAE04EC0-301F-11D3-BF4B-00C04F79EFBC}") = "ZipSlip_Vulnerable", "ZipSlip_Vulnerable\ZipSlip_Vulnerable.csproj", "{68576995-A8C6-4BF3-B30D-20F460AA9CB4}"
EndProject
Global
	GlobalSection(SolutionConfigurationPlatforms) = preSolution
		Debug|Any CPU = Debug|Any CPU
		Release|Any CPU = Release|Any CPU
	EndGlobalSection
	GlobalSection(ProjectConfigurationPlatforms) = postSolution
		{68576995-A8C6-4BF3-B30D-20F460AA9CB4}.Debug|Any CPU.ActiveCfg = Debug|Any CPU
		{68576995-A8C6-4BF3-B30D-20F460AA9CB4}.Debug|Any CPU.Build.0 = Debug|Any CPU
		{68576995-A8C6-4BF3-B30D-20F460AA9CB4}.Release|Any CPU.ActiveCfg = Release|Any CPU
		{68576995-A8C6-4BF3-B30D-20F460AA9CB4}.Release|Any CPU.Build.0 = Release|Any CPU
	EndGlobalSection
	GlobalSection(SolutionProperties) = preSolution
		HideSolutionNode = FALSE
	EndGlobalSection
	GlobalSection(ExtensibilityGlobals) = postSolution
		SolutionGuid = {96366E00-B266-48C8-80F2-FBA74628683F}
	EndGlobalSection
EndGlobal
